
Microsoft Visual Studio Solution File, Format Version 12.00
# Visual Studio Version 16
VisualStudioVersion = 16.0.31729.503
MinimumVisualStudioVersion = 10.0.40219.1
Project("{FAE04EC0-301F-11D3-BF4B-00C04F79EFBC}") = "LambdaExpressionsInPDM", "LambdaExpressionsInPDM\LambdaExpressionsInPDM.csproj", "{F858776B-80DE-4248-AC78-7225C99848C1}"
EndProject
Global
	GlobalSection(SolutionConfigurationPlatforms) = preSolution
		Debug|Any CPU = Debug|Any CPU
		Release|Any CPU = Release|Any CPU
	EndGlobalSection
	GlobalSection(ProjectConfigurationPlatforms) = postSolution
		{F858776B-80DE-4248-AC78-7225C99848C1}.Debug|Any CPU.ActiveCfg = Debug|Any CPU
		{F858776B-80DE-4248-AC78-7225C99848C1}.Debug|Any CPU.Build.0 = Debug|Any CPU
		{F858776B-80DE-4248-AC78-7225C99848C1}.Release|Any CPU.ActiveCfg = Release|Any CPU
		{F858776B-80DE-4248-AC78-7225C99848C1}.Release|Any CPU.Build.0 = Release|Any CPU
	EndGlobalSection
	GlobalSection(SolutionProperties) = preSolution
		HideSolutionNode = FALSE
	EndGlobalSection
	GlobalSection(ExtensibilityGlobals) = postSolution
		SolutionGuid = {DB92A286-1D7D-48F3-8D84-B57DDA1AA99D}
	EndGlobalSection
EndGlobal
